
Microsoft Visual Studio Solution File, Format Version 12.00
# Visual Studio Version 17
VisualStudioVersion = 17.5.002.0
MinimumVisualStudioVersion = 10.0.40219.1
Project("{2150E333-8FDC-42A3-9474-1A3956D46DE8}") = "01", "01", "{D9482B25-E31C-44A7-B8D1-80E9000C3715}"
EndProject
Project("{9A19103F-16F7-4668-BE54-9A1E7A4F7556}") = "AoC202301", "01\csharp\AoC202301.csproj", "{A4DE2503-DF76-47C2-98A0-F054620F3A7A}"
EndProject
Project("{2150E333-8FDC-42A3-9474-1A3956D46DE8}") = "02", "02", "{AA531A63-5D72-4744-A6E3-47E3592E5D04}"
EndProject
Project("{FAE04EC0-301F-11D3-BF4B-00C04F79EFBC}") = "AoC202302", "02\csharp\AoC202302.csproj", "{01C5D184-CC97-404E-9920-3E334D8EA31E}"
EndProject
Global
	GlobalSection(SolutionConfigurationPlatforms) = preSolution
		Debug|Any CPU = Debug|Any CPU
		Release|Any CPU = Release|Any CPU
	EndGlobalSection
	GlobalSection(ProjectConfigurationPlatforms) = postSolution
		{BE6DB100-FBAE-42C2-9031-0619BE37BE2A}.Debug|Any CPU.ActiveCfg = Debug|Any CPU
		{BE6DB100-FBAE-42C2-9031-0619BE37BE2A}.Debug|Any CPU.Build.0 = Debug|Any CPU
		{BE6DB100-FBAE-42C2-9031-0619BE37BE2A}.Release|Any CPU.ActiveCfg = Release|Any CPU
		{BE6DB100-FBAE-42C2-9031-0619BE37BE2A}.Release|Any CPU.Build.0 = Release|Any CPU
		{A4DE2503-DF76-47C2-98A0-F054620F3A7A}.Debug|Any CPU.ActiveCfg = Debug|Any CPU
		{A4DE2503-DF76-47C2-98A0-F054620F3A7A}.Debug|Any CPU.Build.0 = Debug|Any CPU
		{A4DE2503-DF76-47C2-98A0-F054620F3A7A}.Release|Any CPU.ActiveCfg = Release|Any CPU
		{A4DE2503-DF76-47C2-98A0-F054620F3A7A}.Release|Any CPU.Build.0 = Release|Any CPU
		{01C5D184-CC97-404E-9920-3E334D8EA31E}.Debug|Any CPU.ActiveCfg = Debug|Any CPU
		{01C5D184-CC97-404E-9920-3E334D8EA31E}.Debug|Any CPU.Build.0 = Debug|Any CPU
		{01C5D184-CC97-404E-9920-3E334D8EA31E}.Release|Any CPU.ActiveCfg = Release|Any CPU
		{01C5D184-CC97-404E-9920-3E334D8EA31E}.Release|Any CPU.Build.0 = Release|Any CPU
	EndGlobalSection
	GlobalSection(SolutionProperties) = preSolution
		HideSolutionNode = FALSE
	EndGlobalSection
	GlobalSection(NestedProjects) = preSolution
		{A4DE2503-DF76-47C2-98A0-F054620F3A7A} = {D9482B25-E31C-44A7-B8D1-80E9000C3715}
		{01C5D184-CC97-404E-9920-3E334D8EA31E} = {AA531A63-5D72-4744-A6E3-47E3592E5D04}
	EndGlobalSection
	GlobalSection(ExtensibilityGlobals) = postSolution
		SolutionGuid = {526DB352-2A6E-4CA0-88C9-7F516EBB03B3}
	EndGlobalSection
EndGlobal
