
Microsoft Visual Studio Solution File, Format Version 12.00
# Visual Studio Version 17
VisualStudioVersion = 17.5.002.0
MinimumVisualStudioVersion = 10.0.40219.1
Project("{2150E333-8FDC-42A3-9474-1A3956D46DE8}") = "01", "01", "{D9482B25-E31C-44A7-B8D1-80E9000C3715}"
EndProject
Project("{9A19103F-16F7-4668-BE54-9A1E7A4F7556}") = "AoC202301", "01\csharp\AoC202301.csproj", "{A4DE2503-DF76-47C2-98A0-F054620F3A7A}"
EndProject
Project("{2150E333-8FDC-42A3-9474-1A3956D46DE8}") = "02", "02", "{AA531A63-5D72-4744-A6E3-47E3592E5D04}"
EndProject
Project("{FAE04EC0-301F-11D3-BF4B-00C04F79EFBC}") = "AoC202302", "02\csharp\AoC202302.csproj", "{01C5D184-CC97-404E-9920-3E334D8EA31E}"
EndProject
Project("{2150E333-8FDC-42A3-9474-1A3956D46DE8}") = "03", "03", "{3108C8A7-EC32-4FD7-8D36-3BD906C9615F}"
EndProject
Project("{FAE04EC0-301F-11D3-BF4B-00C04F79EFBC}") = "AoC202303", "03\csharp\AoC202303.csproj", "{907E1C30-D8BB-4B78-9180-545C44DD0B0D}"
EndProject
Project("{2150E333-8FDC-42A3-9474-1A3956D46DE8}") = "04", "04", "{60C6A12D-34E2-4994-BF0C-205B3AED671F}"
EndProject
Project("{FAE04EC0-301F-11D3-BF4B-00C04F79EFBC}") = "AoC202304", "04\csharp\AoC202304.csproj", "{63C85382-25F5-484C-B7F6-5E7A3F3431B3}"
EndProject
Project("{2150E333-8FDC-42A3-9474-1A3956D46DE8}") = "05", "05", "{2A0F82AF-542D-422F-A279-5EA06EEAC586}"
EndProject
Project("{FAE04EC0-301F-11D3-BF4B-00C04F79EFBC}") = "AoC202305", "05\csharp\AoC202305.csproj", "{E89C4945-4E8C-4A50-AA2A-FEDA4A5CE9B0}"
EndProject
Project("{FAE04EC0-301F-11D3-BF4B-00C04F79EFBC}") = "AoC202305-Optimized", "05\csharp-optimized\AoC202305-Optimized.csproj", "{2554D4B7-999A-4EA2-BF15-213AFD5FB27E}"
EndProject
Project("{2150E333-8FDC-42A3-9474-1A3956D46DE8}") = "06", "06", "{D28937EE-EA72-4CF7-ADD3-10F424EA2887}"
EndProject
Project("{FAE04EC0-301F-11D3-BF4B-00C04F79EFBC}") = "AoC202306", "06\csharp\AoC202306.csproj", "{4CCA838E-AD2D-433E-A654-E1660280ADD6}"
EndProject
Project("{2150E333-8FDC-42A3-9474-1A3956D46DE8}") = "07", "07", "{32EB3238-08B6-4A48-A8B4-4C2FA57C7B7B}"
EndProject
Project("{FAE04EC0-301F-11D3-BF4B-00C04F79EFBC}") = "AoC202307", "07\csharp\AoC202307.csproj", "{539B5EE2-7FAF-4A64-88A7-7FF113F90564}"
EndProject
Project("{2150E333-8FDC-42A3-9474-1A3956D46DE8}") = "08", "08", "{C2356A42-14DB-446D-883F-BF666C9587F1}"
EndProject
Project("{FAE04EC0-301F-11D3-BF4B-00C04F79EFBC}") = "AoC202308", "08\csharp\AoC202308.csproj", "{142173B2-DE33-4064-A954-7F079744EA8F}"
EndProject
Global
	GlobalSection(SolutionConfigurationPlatforms) = preSolution
		Debug|Any CPU = Debug|Any CPU
		Release|Any CPU = Release|Any CPU
	EndGlobalSection
	GlobalSection(ProjectConfigurationPlatforms) = postSolution
		{BE6DB100-FBAE-42C2-9031-0619BE37BE2A}.Debug|Any CPU.ActiveCfg = Debug|Any CPU
		{BE6DB100-FBAE-42C2-9031-0619BE37BE2A}.Debug|Any CPU.Build.0 = Debug|Any CPU
		{BE6DB100-FBAE-42C2-9031-0619BE37BE2A}.Release|Any CPU.ActiveCfg = Release|Any CPU
		{BE6DB100-FBAE-42C2-9031-0619BE37BE2A}.Release|Any CPU.Build.0 = Release|Any CPU
		{A4DE2503-DF76-47C2-98A0-F054620F3A7A}.Debug|Any CPU.ActiveCfg = Debug|Any CPU
		{A4DE2503-DF76-47C2-98A0-F054620F3A7A}.Debug|Any CPU.Build.0 = Debug|Any CPU
		{A4DE2503-DF76-47C2-98A0-F054620F3A7A}.Release|Any CPU.ActiveCfg = Release|Any CPU
		{A4DE2503-DF76-47C2-98A0-F054620F3A7A}.Release|Any CPU.Build.0 = Release|Any CPU
		{01C5D184-CC97-404E-9920-3E334D8EA31E}.Debug|Any CPU.ActiveCfg = Debug|Any CPU
		{01C5D184-CC97-404E-9920-3E334D8EA31E}.Debug|Any CPU.Build.0 = Debug|Any CPU
		{01C5D184-CC97-404E-9920-3E334D8EA31E}.Release|Any CPU.ActiveCfg = Release|Any CPU
		{01C5D184-CC97-404E-9920-3E334D8EA31E}.Release|Any CPU.Build.0 = Release|Any CPU
		{907E1C30-D8BB-4B78-9180-545C44DD0B0D}.Debug|Any CPU.ActiveCfg = Debug|Any CPU
		{907E1C30-D8BB-4B78-9180-545C44DD0B0D}.Debug|Any CPU.Build.0 = Debug|Any CPU
		{907E1C30-D8BB-4B78-9180-545C44DD0B0D}.Release|Any CPU.ActiveCfg = Release|Any CPU
		{907E1C30-D8BB-4B78-9180-545C44DD0B0D}.Release|Any CPU.Build.0 = Release|Any CPU
		{63C85382-25F5-484C-B7F6-5E7A3F3431B3}.Debug|Any CPU.ActiveCfg = Debug|Any CPU
		{63C85382-25F5-484C-B7F6-5E7A3F3431B3}.Debug|Any CPU.Build.0 = Debug|Any CPU
		{63C85382-25F5-484C-B7F6-5E7A3F3431B3}.Release|Any CPU.ActiveCfg = Release|Any CPU
		{63C85382-25F5-484C-B7F6-5E7A3F3431B3}.Release|Any CPU.Build.0 = Release|Any CPU
		{E89C4945-4E8C-4A50-AA2A-FEDA4A5CE9B0}.Debug|Any CPU.ActiveCfg = Debug|Any CPU
		{E89C4945-4E8C-4A50-AA2A-FEDA4A5CE9B0}.Debug|Any CPU.Build.0 = Debug|Any CPU
		{E89C4945-4E8C-4A50-AA2A-FEDA4A5CE9B0}.Release|Any CPU.ActiveCfg = Release|Any CPU
		{E89C4945-4E8C-4A50-AA2A-FEDA4A5CE9B0}.Release|Any CPU.Build.0 = Release|Any CPU
		{2554D4B7-999A-4EA2-BF15-213AFD5FB27E}.Debug|Any CPU.ActiveCfg = Debug|Any CPU
		{2554D4B7-999A-4EA2-BF15-213AFD5FB27E}.Debug|Any CPU.Build.0 = Debug|Any CPU
		{2554D4B7-999A-4EA2-BF15-213AFD5FB27E}.Release|Any CPU.ActiveCfg = Release|Any CPU
		{2554D4B7-999A-4EA2-BF15-213AFD5FB27E}.Release|Any CPU.Build.0 = Release|Any CPU
		{4CCA838E-AD2D-433E-A654-E1660280ADD6}.Debug|Any CPU.ActiveCfg = Debug|Any CPU
		{4CCA838E-AD2D-433E-A654-E1660280ADD6}.Debug|Any CPU.Build.0 = Debug|Any CPU
		{4CCA838E-AD2D-433E-A654-E1660280ADD6}.Release|Any CPU.ActiveCfg = Release|Any CPU
		{4CCA838E-AD2D-433E-A654-E1660280ADD6}.Release|Any CPU.Build.0 = Release|Any CPU
		{539B5EE2-7FAF-4A64-88A7-7FF113F90564}.Debug|Any CPU.ActiveCfg = Debug|Any CPU
		{539B5EE2-7FAF-4A64-88A7-7FF113F90564}.Debug|Any CPU.Build.0 = Debug|Any CPU
		{539B5EE2-7FAF-4A64-88A7-7FF113F90564}.Release|Any CPU.ActiveCfg = Release|Any CPU
		{539B5EE2-7FAF-4A64-88A7-7FF113F90564}.Release|Any CPU.Build.0 = Release|Any CPU
		{142173B2-DE33-4064-A954-7F079744EA8F}.Debug|Any CPU.ActiveCfg = Debug|Any CPU
		{142173B2-DE33-4064-A954-7F079744EA8F}.Debug|Any CPU.Build.0 = Debug|Any CPU
		{142173B2-DE33-4064-A954-7F079744EA8F}.Release|Any CPU.ActiveCfg = Release|Any CPU
		{142173B2-DE33-4064-A954-7F079744EA8F}.Release|Any CPU.Build.0 = Release|Any CPU
	EndGlobalSection
	GlobalSection(SolutionProperties) = preSolution
		HideSolutionNode = FALSE
	EndGlobalSection
	GlobalSection(NestedProjects) = preSolution
		{A4DE2503-DF76-47C2-98A0-F054620F3A7A} = {D9482B25-E31C-44A7-B8D1-80E9000C3715}
		{01C5D184-CC97-404E-9920-3E334D8EA31E} = {AA531A63-5D72-4744-A6E3-47E3592E5D04}
		{907E1C30-D8BB-4B78-9180-545C44DD0B0D} = {3108C8A7-EC32-4FD7-8D36-3BD906C9615F}
		{63C85382-25F5-484C-B7F6-5E7A3F3431B3} = {60C6A12D-34E2-4994-BF0C-205B3AED671F}
		{E89C4945-4E8C-4A50-AA2A-FEDA4A5CE9B0} = {2A0F82AF-542D-422F-A279-5EA06EEAC586}
		{2554D4B7-999A-4EA2-BF15-213AFD5FB27E} = {2A0F82AF-542D-422F-A279-5EA06EEAC586}
		{4CCA838E-AD2D-433E-A654-E1660280ADD6} = {D28937EE-EA72-4CF7-ADD3-10F424EA2887}
		{539B5EE2-7FAF-4A64-88A7-7FF113F90564} = {32EB3238-08B6-4A48-A8B4-4C2FA57C7B7B}
		{142173B2-DE33-4064-A954-7F079744EA8F} = {C2356A42-14DB-446D-883F-BF666C9587F1}
	EndGlobalSection
	GlobalSection(ExtensibilityGlobals) = postSolution
		SolutionGuid = {526DB352-2A6E-4CA0-88C9-7F516EBB03B3}
	EndGlobalSection
EndGlobal
